// !$*UTF8*$!
{
	archiveVersion = 1;
	classes = {
	};
	objectVersion = 46;
	objects = {

/* Begin PBXBuildFile section */
		6407291817744A900085CB7B /* newCommentCell.xib in Resources */ = {isa = PBXBuildFile; fileRef = 6407291717744A900085CB7B /* newCommentCell.xib */; };
		642B77AF17799D1000EECCC0 /* activityInfo.m in Sources */ = {isa = PBXBuildFile; fileRef = 642B77AE17799D1000EECCC0 /* activityInfo.m */; };
		6481615A176EE7CF0017F4CC /* CustomLeadCell.xib in Resources */ = {isa = PBXBuildFile; fileRef = 64816159176EE7CF0017F4CC /* CustomLeadCell.xib */; };
		6481615C176EF0C50017F4CC /* rightarowblack.png in Resources */ = {isa = PBXBuildFile; fileRef = 6481615B176EF0C50017F4CC /* rightarowblack.png */; };
		648D12FE17716C7F006BB41A /* rectangle3.png in Resources */ = {isa = PBXBuildFile; fileRef = 648D12FD17716C7F006BB41A /* rectangle3.png */; };
		648D13071771A093006BB41A /* CompanyViewController.m in Sources */ = {isa = PBXBuildFile; fileRef = 648D13051771A093006BB41A /* CompanyViewController.m */; };
		648D13081771A093006BB41A /* CompanyViewController.xib in Resources */ = {isa = PBXBuildFile; fileRef = 648D13061771A093006BB41A /* CompanyViewController.xib */; };
		648DE20B1777F7B400261F74 /* ContactInfoViewController.xib in Resources */ = {isa = PBXBuildFile; fileRef = 649AE8811772DFDA00CAECE7 /* ContactInfoViewController.xib */; };
		6498468B177AE56100C67E8A /* customcommentforactivitycell.xib in Resources */ = {isa = PBXBuildFile; fileRef = 6498468A177AE56100C67E8A /* customcommentforactivitycell.xib */; };
		649AE8791772DB8D00CAECE7 /* appbar.edit.png in Resources */ = {isa = PBXBuildFile; fileRef = 649AE8781772DB8C00CAECE7 /* appbar.edit.png */; };
		64AA0B8A177810FC005DD2B2 /* SalesRepInfoViewController.xib in Resources */ = {isa = PBXBuildFile; fileRef = 649AE8861772DFF200CAECE7 /* SalesRepInfoViewController.xib */; };
		D4041F161779ACB500247373 /* followupmodel.m in Sources */ = {isa = PBXBuildFile; fileRef = D4041F151779ACB400247373 /* followupmodel.m */; };
		D40720871772F37D0070629A /* ContactInfoViewController.m in Sources */ = {isa = PBXBuildFile; fileRef = 649AE8801772DFDA00CAECE7 /* ContactInfoViewController.m */; };
		D40720881772F38A0070629A /* SalesRepInfoViewController.m in Sources */ = {isa = PBXBuildFile; fileRef = 649AE8851772DFF200CAECE7 /* SalesRepInfoViewController.m */; };
		D40D1EAB176B086F00379DD5 /* UIKit.framework in Frameworks */ = {isa = PBXBuildFile; fileRef = D40D1EAA176B086F00379DD5 /* UIKit.framework */; };
		D40D1EAD176B086F00379DD5 /* Foundation.framework in Frameworks */ = {isa = PBXBuildFile; fileRef = D40D1EAC176B086F00379DD5 /* Foundation.framework */; };
		D40D1EAF176B086F00379DD5 /* CoreGraphics.framework in Frameworks */ = {isa = PBXBuildFile; fileRef = D40D1EAE176B086F00379DD5 /* CoreGraphics.framework */; };
		D40D1EB5176B086F00379DD5 /* InfoPlist.strings in Resources */ = {isa = PBXBuildFile; fileRef = D40D1EB3176B086F00379DD5 /* InfoPlist.strings */; };
		D40D1EB7176B086F00379DD5 /* main.m in Sources */ = {isa = PBXBuildFile; fileRef = D40D1EB6176B086F00379DD5 /* main.m */; };
		D40D1EBB176B086F00379DD5 /* AppDelegate.m in Sources */ = {isa = PBXBuildFile; fileRef = D40D1EBA176B086F00379DD5 /* AppDelegate.m */; };
		D40D1EBD176B086F00379DD5 /* Default.png in Resources */ = {isa = PBXBuildFile; fileRef = D40D1EBC176B086F00379DD5 /* Default.png */; };
		D40D1EBF176B086F00379DD5 /* Default@2x.png in Resources */ = {isa = PBXBuildFile; fileRef = D40D1EBE176B086F00379DD5 /* Default@2x.png */; };
		D40D1EC1176B086F00379DD5 /* Default-568h@2x.png in Resources */ = {isa = PBXBuildFile; fileRef = D40D1EC0176B086F00379DD5 /* Default-568h@2x.png */; };
		D40D1EC4176B086F00379DD5 /* ViewController.m in Sources */ = {isa = PBXBuildFile; fileRef = D40D1EC3176B086F00379DD5 /* ViewController.m */; };
		D40D1EC7176B086F00379DD5 /* ViewController.xib in Resources */ = {isa = PBXBuildFile; fileRef = D40D1EC5176B086F00379DD5 /* ViewController.xib */; };
		D40D1ED0176B0A0800379DD5 /* HomeViewController.m in Sources */ = {isa = PBXBuildFile; fileRef = D40D1ECE176B0A0800379DD5 /* HomeViewController.m */; };
		D40D1ED1176B0A0800379DD5 /* HomeViewController.xib in Resources */ = {isa = PBXBuildFile; fileRef = D40D1ECF176B0A0800379DD5 /* HomeViewController.xib */; };
		D40D1ED5176B0D4F00379DD5 /* CustomerViewController.m in Sources */ = {isa = PBXBuildFile; fileRef = D40D1ED3176B0D4F00379DD5 /* CustomerViewController.m */; };
		D40D1ED6176B0D4F00379DD5 /* CustomerViewController.xib in Resources */ = {isa = PBXBuildFile; fileRef = D40D1ED4176B0D4F00379DD5 /* CustomerViewController.xib */; };
		D40D1EDA176B27E300379DD5 /* LeadsViewController.m in Sources */ = {isa = PBXBuildFile; fileRef = D40D1ED8176B27E200379DD5 /* LeadsViewController.m */; };
		D40D1EDB176B27E300379DD5 /* LeadsViewController.xib in Resources */ = {isa = PBXBuildFile; fileRef = D40D1ED9176B27E300379DD5 /* LeadsViewController.xib */; };
		D4149F28177186C100738AAC /* squareimage1.png in Resources */ = {isa = PBXBuildFile; fileRef = D4149F27177186C100738AAC /* squareimage1.png */; };
		D443A33217716EEB0011C5DB /* ActivityCustomCell.xib in Resources */ = {isa = PBXBuildFile; fileRef = 6481615D176F0B230017F4CC /* ActivityCustomCell.xib */; };
		D443A33317716FE60011C5DB /* appbar.close.png in Resources */ = {isa = PBXBuildFile; fileRef = 648D12FF17716E0E006BB41A /* appbar.close.png */; };
		D443A33417717F890011C5DB /* CKCalendarView.m in Sources */ = {isa = PBXBuildFile; fileRef = 648D13021771726E006BB41A /* CKCalendarView.m */; };
		D4A2AFF4176EEC4F00F4E196 /* ActivityViewController.m in Sources */ = {isa = PBXBuildFile; fileRef = D4A2AFF2176EEC4F00F4E196 /* ActivityViewController.m */; };
		D4A2AFF5176EEC4F00F4E196 /* ActivityViewController.xib in Resources */ = {isa = PBXBuildFile; fileRef = D4A2AFF3176EEC4F00F4E196 /* ActivityViewController.xib */; };
		D4A2AFF9176EEC7200F4E196 /* FollowupViewController.m in Sources */ = {isa = PBXBuildFile; fileRef = D4A2AFF7176EEC7200F4E196 /* FollowupViewController.m */; };
		D4A2AFFA176EEC7200F4E196 /* FollowupViewController.xib in Resources */ = {isa = PBXBuildFile; fileRef = D4A2AFF8176EEC7200F4E196 /* FollowupViewController.xib */; };
		D4A2AFFD176F186200F4E196 /* FollowupCell.xib in Resources */ = {isa = PBXBuildFile; fileRef = D4A2AFFC176F186200F4E196 /* FollowupCell.xib */; };
		D4CA2FD9176EC33E007EEF7D /* Customercell.xib in Resources */ = {isa = PBXBuildFile; fileRef = D4CA2FD8176EC33E007EEF7D /* Customercell.xib */; };
		D4CA2FDB176ED128007EEF7D /* QuartzCore.framework in Frameworks */ = {isa = PBXBuildFile; fileRef = D4CA2FDA176ED128007EEF7D /* QuartzCore.framework */; };
		D4D39CD4177ACE4B00C1E87D /* commentmdl.m in Sources */ = {isa = PBXBuildFile; fileRef = D4D39CD3177ACE4B00C1E87D /* commentmdl.m */; };
		D4D39CD6177AD7C300C1E87D /* CommentsCells.xib in Resources */ = {isa = PBXBuildFile; fileRef = D4D39CD5177AD7C200C1E87D /* CommentsCells.xib */; };
		D4D570141772B58200671A35 /* Infoleads.m in Sources */ = {isa = PBXBuildFile; fileRef = D4D570131772B58200671A35 /* Infoleads.m */; };
		D4E15794177416D9002764AB /* icon-disclosure.png in Resources */ = {isa = PBXBuildFile; fileRef = D4E15793177416D9002764AB /* icon-disclosure.png */; };
		D4E1579817744013002764AB /* CommentsViewController.m in Sources */ = {isa = PBXBuildFile; fileRef = D4E1579617744013002764AB /* CommentsViewController.m */; };
		D4E1579917744013002764AB /* CommentsViewController.xib in Resources */ = {isa = PBXBuildFile; fileRef = D4E1579717744013002764AB /* CommentsViewController.xib */; };
/* End PBXBuildFile section */

/* Begin PBXFileReference section */
		6407291717744A900085CB7B /* newCommentCell.xib */ = {isa = PBXFileReference; fileEncoding = 4; lastKnownFileType = file.xib; path = newCommentCell.xib; sourceTree = "<group>"; };
		642B77AD17799D1000EECCC0 /* activityInfo.h */ = {isa = PBXFileReference; fileEncoding = 4; lastKnownFileType = sourcecode.c.h; path = activityInfo.h; sourceTree = "<group>"; };
		642B77AE17799D1000EECCC0 /* activityInfo.m */ = {isa = PBXFileReference; fileEncoding = 4; lastKnownFileType = sourcecode.c.objc; path = activityInfo.m; sourceTree = "<group>"; };
		64816159176EE7CF0017F4CC /* CustomLeadCell.xib */ = {isa = PBXFileReference; fileEncoding = 4; lastKnownFileType = file.xib; path = CustomLeadCell.xib; sourceTree = "<group>"; };
		6481615B176EF0C50017F4CC /* rightarowblack.png */ = {isa = PBXFileReference; lastKnownFileType = image.png; path = rightarowblack.png; sourceTree = "<group>"; };
		6481615D176F0B230017F4CC /* ActivityCustomCell.xib */ = {isa = PBXFileReference; fileEncoding = 4; lastKnownFileType = file.xib; path = ActivityCustomCell.xib; sourceTree = "<group>"; };
		648D12FD17716C7F006BB41A /* rectangle3.png */ = {isa = PBXFileReference; lastKnownFileType = image.png; path = rectangle3.png; sourceTree = "<group>"; };
		648D12FF17716E0E006BB41A /* appbar.close.png */ = {isa = PBXFileReference; lastKnownFileType = image.png; path = appbar.close.png; sourceTree = "<group>"; };
		648D13011771726E006BB41A /* CKCalendarView.h */ = {isa = PBXFileReference; fileEncoding = 4; lastKnownFileType = sourcecode.c.h; path = CKCalendarView.h; sourceTree = "<group>"; };
		648D13021771726E006BB41A /* CKCalendarView.m */ = {isa = PBXFileReference; fileEncoding = 4; lastKnownFileType = sourcecode.c.objc; path = CKCalendarView.m; sourceTree = "<group>"; };
		648D13041771A093006BB41A /* CompanyViewController.h */ = {isa = PBXFileReference; fileEncoding = 4; lastKnownFileType = sourcecode.c.h; name = CompanyViewController.h; path = ../CompanyViewController.h; sourceTree = "<group>"; };
		648D13051771A093006BB41A /* CompanyViewController.m */ = {isa = PBXFileReference; fileEncoding = 4; lastKnownFileType = sourcecode.c.objc; name = CompanyViewController.m; path = ../CompanyViewController.m; sourceTree = "<group>"; };
		648D13061771A093006BB41A /* CompanyViewController.xib */ = {isa = PBXFileReference; fileEncoding = 4; lastKnownFileType = file.xib; name = CompanyViewController.xib; path = ../CompanyViewController.xib; sourceTree = "<group>"; };
		6498468A177AE56100C67E8A /* customcommentforactivitycell.xib */ = {isa = PBXFileReference; fileEncoding = 4; lastKnownFileType = file.xib; path = customcommentforactivitycell.xib; sourceTree = "<group>"; };
		649AE8781772DB8C00CAECE7 /* appbar.edit.png */ = {isa = PBXFileReference; lastKnownFileType = image.png; path = appbar.edit.png; sourceTree = "<group>"; };
		649AE87F1772DFDA00CAECE7 /* ContactInfoViewController.h */ = {isa = PBXFileReference; fileEncoding = 4; lastKnownFileType = sourcecode.c.h; path = ContactInfoViewController.h; sourceTree = "<group>"; };
		649AE8801772DFDA00CAECE7 /* ContactInfoViewController.m */ = {isa = PBXFileReference; fileEncoding = 4; lastKnownFileType = sourcecode.c.objc; path = ContactInfoViewController.m; sourceTree = "<group>"; };
		649AE8811772DFDA00CAECE7 /* ContactInfoViewController.xib */ = {isa = PBXFileReference; fileEncoding = 4; lastKnownFileType = file.xib; path = ContactInfoViewController.xib; sourceTree = "<group>"; };
		649AE8841772DFF200CAECE7 /* SalesRepInfoViewController.h */ = {isa = PBXFileReference; fileEncoding = 4; lastKnownFileType = sourcecode.c.h; path = SalesRepInfoViewController.h; sourceTree = "<group>"; };
		649AE8851772DFF200CAECE7 /* SalesRepInfoViewController.m */ = {isa = PBXFileReference; fileEncoding = 4; lastKnownFileType = sourcecode.c.objc; path = SalesRepInfoViewController.m; sourceTree = "<group>"; };
		649AE8861772DFF200CAECE7 /* SalesRepInfoViewController.xib */ = {isa = PBXFileReference; fileEncoding = 4; lastKnownFileType = file.xib; path = SalesRepInfoViewController.xib; sourceTree = "<group>"; };
		D4041F141779ACB400247373 /* followupmodel.h */ = {isa = PBXFileReference; fileEncoding = 4; lastKnownFileType = sourcecode.c.h; path = followupmodel.h; sourceTree = "<group>"; };
		D4041F151779ACB400247373 /* followupmodel.m */ = {isa = PBXFileReference; fileEncoding = 4; lastKnownFileType = sourcecode.c.objc; path = followupmodel.m; sourceTree = "<group>"; };
		D40D1EA7176B086F00379DD5 /* Newproject.app */ = {isa = PBXFileReference; explicitFileType = wrapper.application; includeInIndex = 0; path = Newproject.app; sourceTree = BUILT_PRODUCTS_DIR; };
		D40D1EAA176B086F00379DD5 /* UIKit.framework */ = {isa = PBXFileReference; lastKnownFileType = wrapper.framework; name = UIKit.framework; path = System/Library/Frameworks/UIKit.framework; sourceTree = SDKROOT; };
		D40D1EAC176B086F00379DD5 /* Foundation.framework */ = {isa = PBXFileReference; lastKnownFileType = wrapper.framework; name = Foundation.framework; path = System/Library/Frameworks/Foundation.framework; sourceTree = SDKROOT; };
		D40D1EAE176B086F00379DD5 /* CoreGraphics.framework */ = {isa = PBXFileReference; lastKnownFileType = wrapper.framework; name = CoreGraphics.framework; path = System/Library/Frameworks/CoreGraphics.framework; sourceTree = SDKROOT; };
		D40D1EB2176B086F00379DD5 /* Newproject-Info.plist */ = {isa = PBXFileReference; lastKnownFileType = text.plist.xml; path = "Newproject-Info.plist"; sourceTree = "<group>"; };
		D40D1EB4176B086F00379DD5 /* en */ = {isa = PBXFileReference; lastKnownFileType = text.plist.strings; name = en; path = en.lproj/InfoPlist.strings; sourceTree = "<group>"; };
		D40D1EB6176B086F00379DD5 /* main.m */ = {isa = PBXFileReference; lastKnownFileType = sourcecode.c.objc; path = main.m; sourceTree = "<group>"; };
		D40D1EB8176B086F00379DD5 /* Newproject-Prefix.pch */ = {isa = PBXFileReference; lastKnownFileType = sourcecode.c.h; path = "Newproject-Prefix.pch"; sourceTree = "<group>"; };
		D40D1EB9176B086F00379DD5 /* AppDelegate.h */ = {isa = PBXFileReference; lastKnownFileType = sourcecode.c.h; path = AppDelegate.h; sourceTree = "<group>"; };
		D40D1EBA176B086F00379DD5 /* AppDelegate.m */ = {isa = PBXFileReference; lastKnownFileType = sourcecode.c.objc; path = AppDelegate.m; sourceTree = "<group>"; };
		D40D1EBC176B086F00379DD5 /* Default.png */ = {isa = PBXFileReference; lastKnownFileType = image.png; path = Default.png; sourceTree = "<group>"; };
		D40D1EBE176B086F00379DD5 /* Default@2x.png */ = {isa = PBXFileReference; lastKnownFileType = image.png; path = "Default@2x.png"; sourceTree = "<group>"; };
		D40D1EC0176B086F00379DD5 /* Default-568h@2x.png */ = {isa = PBXFileReference; lastKnownFileType = image.png; path = "Default-568h@2x.png"; sourceTree = "<group>"; };
		D40D1EC2176B086F00379DD5 /* ViewController.h */ = {isa = PBXFileReference; lastKnownFileType = sourcecode.c.h; path = ViewController.h; sourceTree = "<group>"; };
		D40D1EC3176B086F00379DD5 /* ViewController.m */ = {isa = PBXFileReference; lastKnownFileType = sourcecode.c.objc; path = ViewController.m; sourceTree = "<group>"; };
		D40D1EC6176B086F00379DD5 /* en */ = {isa = PBXFileReference; lastKnownFileType = file.xib; name = en; path = en.lproj/ViewController.xib; sourceTree = "<group>"; };
		D40D1ECD176B0A0800379DD5 /* HomeViewController.h */ = {isa = PBXFileReference; fileEncoding = 4; lastKnownFileType = sourcecode.c.h; path = HomeViewController.h; sourceTree = "<group>"; };
		D40D1ECE176B0A0800379DD5 /* HomeViewController.m */ = {isa = PBXFileReference; fileEncoding = 4; lastKnownFileType = sourcecode.c.objc; path = HomeViewController.m; sourceTree = "<group>"; };
		D40D1ECF176B0A0800379DD5 /* HomeViewController.xib */ = {isa = PBXFileReference; fileEncoding = 4; lastKnownFileType = file.xib; path = HomeViewController.xib; sourceTree = "<group>"; };
		D40D1ED2176B0D4F00379DD5 /* CustomerViewController.h */ = {isa = PBXFileReference; fileEncoding = 4; lastKnownFileType = sourcecode.c.h; path = CustomerViewController.h; sourceTree = "<group>"; };
		D40D1ED3176B0D4F00379DD5 /* CustomerViewController.m */ = {isa = PBXFileReference; fileEncoding = 4; lastKnownFileType = sourcecode.c.objc; path = CustomerViewController.m; sourceTree = "<group>"; };
		D40D1ED4176B0D4F00379DD5 /* CustomerViewController.xib */ = {isa = PBXFileReference; fileEncoding = 4; lastKnownFileType = file.xib; path = CustomerViewController.xib; sourceTree = "<group>"; };
		D40D1ED7176B27E200379DD5 /* LeadsViewController.h */ = {isa = PBXFileReference; fileEncoding = 4; lastKnownFileType = sourcecode.c.h; path = LeadsViewController.h; sourceTree = "<group>"; };
		D40D1ED8176B27E200379DD5 /* LeadsViewController.m */ = {isa = PBXFileReference; fileEncoding = 4; lastKnownFileType = sourcecode.c.objc; path = LeadsViewController.m; sourceTree = "<group>"; };
		D40D1ED9176B27E300379DD5 /* LeadsViewController.xib */ = {isa = PBXFileReference; fileEncoding = 4; lastKnownFileType = file.xib; path = LeadsViewController.xib; sourceTree = "<group>"; };
		D4149F27177186C100738AAC /* squareimage1.png */ = {isa = PBXFileReference; lastKnownFileType = image.png; path = squareimage1.png; sourceTree = "<group>"; };
		D4A2AFF1176EEC4F00F4E196 /* ActivityViewController.h */ = {isa = PBXFileReference; fileEncoding = 4; lastKnownFileType = sourcecode.c.h; path = ActivityViewController.h; sourceTree = "<group>"; };
		D4A2AFF2176EEC4F00F4E196 /* ActivityViewController.m */ = {isa = PBXFileReference; fileEncoding = 4; lastKnownFileType = sourcecode.c.objc; path = ActivityViewController.m; sourceTree = "<group>"; };
		D4A2AFF3176EEC4F00F4E196 /* ActivityViewController.xib */ = {isa = PBXFileReference; fileEncoding = 4; lastKnownFileType = file.xib; path = ActivityViewController.xib; sourceTree = "<group>"; };
		D4A2AFF6176EEC7200F4E196 /* FollowupViewController.h */ = {isa = PBXFileReference; fileEncoding = 4; lastKnownFileType = sourcecode.c.h; path = FollowupViewController.h; sourceTree = "<group>"; };
		D4A2AFF7176EEC7200F4E196 /* FollowupViewController.m */ = {isa = PBXFileReference; fileEncoding = 4; lastKnownFileType = sourcecode.c.objc; path = FollowupViewController.m; sourceTree = "<group>"; };
		D4A2AFF8176EEC7200F4E196 /* FollowupViewController.xib */ = {isa = PBXFileReference; fileEncoding = 4; lastKnownFileType = file.xib; path = FollowupViewController.xib; sourceTree = "<group>"; };
		D4A2AFFC176F186200F4E196 /* FollowupCell.xib */ = {isa = PBXFileReference; fileEncoding = 4; lastKnownFileType = file.xib; path = FollowupCell.xib; sourceTree = "<group>"; };
		D4CA2FD8176EC33E007EEF7D /* Customercell.xib */ = {isa = PBXFileReference; fileEncoding = 4; lastKnownFileType = file.xib; path = Customercell.xib; sourceTree = "<group>"; };
		D4CA2FDA176ED128007EEF7D /* QuartzCore.framework */ = {isa = PBXFileReference; lastKnownFileType = wrapper.framework; name = QuartzCore.framework; path = System/Library/Frameworks/QuartzCore.framework; sourceTree = SDKROOT; };
		D4D39CD2177ACE4B00C1E87D /* commentmdl.h */ = {isa = PBXFileReference; fileEncoding = 4; lastKnownFileType = sourcecode.c.h; path = commentmdl.h; sourceTree = "<group>"; };
		D4D39CD3177ACE4B00C1E87D /* commentmdl.m */ = {isa = PBXFileReference; fileEncoding = 4; lastKnownFileType = sourcecode.c.objc; path = commentmdl.m; sourceTree = "<group>"; };
		D4D39CD5177AD7C200C1E87D /* CommentsCells.xib */ = {isa = PBXFileReference; fileEncoding = 4; lastKnownFileType = file.xib; path = CommentsCells.xib; sourceTree = "<group>"; };
		D4D570121772B58200671A35 /* Infoleads.h */ = {isa = PBXFileReference; fileEncoding = 4; lastKnownFileType = sourcecode.c.h; name = Infoleads.h; path = ../Infoleads.h; sourceTree = "<group>"; };
		D4D570131772B58200671A35 /* Infoleads.m */ = {isa = PBXFileReference; fileEncoding = 4; lastKnownFileType = sourcecode.c.objc; name = Infoleads.m; path = ../Infoleads.m; sourceTree = "<group>"; };
		D4E15793177416D9002764AB /* icon-disclosure.png */ = {isa = PBXFileReference; lastKnownFileType = image.png; path = "icon-disclosure.png"; sourceTree = "<group>"; };
		D4E1579517744013002764AB /* CommentsViewController.h */ = {isa = PBXFileReference; fileEncoding = 4; lastKnownFileType = sourcecode.c.h; path = CommentsViewController.h; sourceTree = "<group>"; };
		D4E1579617744013002764AB /* CommentsViewController.m */ = {isa = PBXFileReference; fileEncoding = 4; lastKnownFileType = sourcecode.c.objc; path = CommentsViewController.m; sourceTree = "<group>"; };
		D4E1579717744013002764AB /* CommentsViewController.xib */ = {isa = PBXFileReference; fileEncoding = 4; lastKnownFileType = file.xib; path = CommentsViewController.xib; sourceTree = "<group>"; };
/* End PBXFileReference section */

/* Begin PBXFrameworksBuildPhase section */
		D40D1EA4176B086E00379DD5 /* Frameworks */ = {
			isa = PBXFrameworksBuildPhase;
			buildActionMask = 2147483647;
			files = (
				D4CA2FDB176ED128007EEF7D /* QuartzCore.framework in Frameworks */,
				D40D1EAB176B086F00379DD5 /* UIKit.framework in Frameworks */,
				D40D1EAD176B086F00379DD5 /* Foundation.framework in Frameworks */,
				D40D1EAF176B086F00379DD5 /* CoreGraphics.framework in Frameworks */,
			);
			runOnlyForDeploymentPostprocessing = 0;
		};
/* End PBXFrameworksBuildPhase section */

/* Begin PBXGroup section */
		648D130A1771A29B006BB41A /* Company */ = {
			isa = PBXGroup;
			children = (
				648D13041771A093006BB41A /* CompanyViewController.h */,
				648D13051771A093006BB41A /* CompanyViewController.m */,
				648D13061771A093006BB41A /* CompanyViewController.xib */,
			);
			name = Company;
			sourceTree = "<group>";
		};
		D40D1E9E176B086E00379DD5 = {
			isa = PBXGroup;
			children = (
				D4D570161772BE8800671A35 /* model */,
				D4D570151772BE4A00671A35 /* images */,
				D40D1EB0176B086F00379DD5 /* Newproject */,
				D40D1EA9176B086F00379DD5 /* Frameworks */,
				D40D1EA8176B086F00379DD5 /* Products */,
			);
			sourceTree = "<group>";
		};
		D40D1EA8176B086F00379DD5 /* Products */ = {
			isa = PBXGroup;
			children = (
				D40D1EA7176B086F00379DD5 /* Newproject.app */,
			);
			name = Products;
			sourceTree = "<group>";
		};
		D40D1EA9176B086F00379DD5 /* Frameworks */ = {
			isa = PBXGroup;
			children = (
				D4CA2FDA176ED128007EEF7D /* QuartzCore.framework */,
				D40D1EAA176B086F00379DD5 /* UIKit.framework */,
				D40D1EAC176B086F00379DD5 /* Foundation.framework */,
				D40D1EAE176B086F00379DD5 /* CoreGraphics.framework */,
			);
			name = Frameworks;
			sourceTree = "<group>";
		};
		D40D1EB0176B086F00379DD5 /* Newproject */ = {
			isa = PBXGroup;
			children = (
				D40D1EB9176B086F00379DD5 /* AppDelegate.h */,
				D40D1EBA176B086F00379DD5 /* AppDelegate.m */,
				D40D1EC2176B086F00379DD5 /* ViewController.h */,
				D40D1EC3176B086F00379DD5 /* ViewController.m */,
				D40D1EC5176B086F00379DD5 /* ViewController.xib */,
				D40D1ECD176B0A0800379DD5 /* HomeViewController.h */,
				D40D1ECE176B0A0800379DD5 /* HomeViewController.m */,
				D40D1ECF176B0A0800379DD5 /* HomeViewController.xib */,
				648D130A1771A29B006BB41A /* Company */,
				D4A2AFFB176EED2A00F4E196 /* Customer */,
				D4A2AFF0176EEC1100F4E196 /* Leads */,
				D40D1EB1176B086F00379DD5 /* Supporting Files */,
			);
			path = Newproject;
			sourceTree = "<group>";
		};
		D40D1EB1176B086F00379DD5 /* Supporting Files */ = {
			isa = PBXGroup;
			children = (
				D40D1EB2176B086F00379DD5 /* Newproject-Info.plist */,
				D40D1EB3176B086F00379DD5 /* InfoPlist.strings */,
				D40D1EB6176B086F00379DD5 /* main.m */,
				D40D1EB8176B086F00379DD5 /* Newproject-Prefix.pch */,
				D40D1EBC176B086F00379DD5 /* Default.png */,
				D40D1EBE176B086F00379DD5 /* Default@2x.png */,
				D40D1EC0176B086F00379DD5 /* Default-568h@2x.png */,
			);
			name = "Supporting Files";
			sourceTree = "<group>";
		};
		D4A2AFF0176EEC1100F4E196 /* Leads */ = {
			isa = PBXGroup;
			children = (
				648D13011771726E006BB41A /* CKCalendarView.h */,
				648D13021771726E006BB41A /* CKCalendarView.m */,
				D40D1ED7176B27E200379DD5 /* LeadsViewController.h */,
				D40D1ED8176B27E200379DD5 /* LeadsViewController.m */,
				D40D1ED9176B27E300379DD5 /* LeadsViewController.xib */,
				64816159176EE7CF0017F4CC /* CustomLeadCell.xib */,
				D4D39CD5177AD7C200C1E87D /* CommentsCells.xib */,
				D4A2AFF1176EEC4F00F4E196 /* ActivityViewController.h */,
				D4A2AFF2176EEC4F00F4E196 /* ActivityViewController.m */,
				D4A2AFF3176EEC4F00F4E196 /* ActivityViewController.xib */,
				6481615D176F0B230017F4CC /* ActivityCustomCell.xib */,
				6498468A177AE56100C67E8A /* customcommentforactivitycell.xib */,
				D4A2AFF6176EEC7200F4E196 /* FollowupViewController.h */,
				D4A2AFF7176EEC7200F4E196 /* FollowupViewController.m */,
				D4A2AFF8176EEC7200F4E196 /* FollowupViewController.xib */,
				D4A2AFFC176F186200F4E196 /* FollowupCell.xib */,
				D4E1579517744013002764AB /* CommentsViewController.h */,
				D4E1579617744013002764AB /* CommentsViewController.m */,
				D4E1579717744013002764AB /* CommentsViewController.xib */,
				6407291717744A900085CB7B /* newCommentCell.xib */,
			);
			name = Leads;
			sourceTree = "<group>";
		};
		D4A2AFFB176EED2A00F4E196 /* Customer */ = {
			isa = PBXGroup;
			children = (
				D40D1ED2176B0D4F00379DD5 /* CustomerViewController.h */,
				D40D1ED3176B0D4F00379DD5 /* CustomerViewController.m */,
				D4CA2FD8176EC33E007EEF7D /* Customercell.xib */,
				D40D1ED4176B0D4F00379DD5 /* CustomerViewController.xib */,
				649AE87F1772DFDA00CAECE7 /* ContactInfoViewController.h */,
				649AE8801772DFDA00CAECE7 /* ContactInfoViewController.m */,
				649AE8811772DFDA00CAECE7 /* ContactInfoViewController.xib */,
				649AE8841772DFF200CAECE7 /* SalesRepInfoViewController.h */,
				649AE8851772DFF200CAECE7 /* SalesRepInfoViewController.m */,
				649AE8861772DFF200CAECE7 /* SalesRepInfoViewController.xib */,
			);
			name = Customer;
			sourceTree = "<group>";
		};
		D4D570151772BE4A00671A35 /* images */ = {
			isa = PBXGroup;
			children = (
				D4E15793177416D9002764AB /* icon-disclosure.png */,
				6481615B176EF0C50017F4CC /* rightarowblack.png */,
				648D12FF17716E0E006BB41A /* appbar.close.png */,
				648D12FD17716C7F006BB41A /* rectangle3.png */,
				D4149F27177186C100738AAC /* squareimage1.png */,
				649AE8781772DB8C00CAECE7 /* appbar.edit.png */,
				6481615B176EF0C50017F4CC /* rightarowblack.png */,
			);
			name = images;
			path = Newproject;
			sourceTree = "<group>";
		};
		D4D570161772BE8800671A35 /* model */ = {
			isa = PBXGroup;
			children = (
				D4D570121772B58200671A35 /* Infoleads.h */,
				D4D570131772B58200671A35 /* Infoleads.m */,
				648D13011771726E006BB41A /* CKCalendarView.h */,
				648D13021771726E006BB41A /* CKCalendarView.m */,
				642B77AD17799D1000EECCC0 /* activityInfo.h */,
				642B77AE17799D1000EECCC0 /* activityInfo.m */,
				D4041F141779ACB400247373 /* followupmodel.h */,
				D4041F151779ACB400247373 /* followupmodel.m */,
				D4D39CD2177ACE4B00C1E87D /* commentmdl.h */,
				D4D39CD3177ACE4B00C1E87D /* commentmdl.m */,
			);
			name = model;
			path = Newproject;
			sourceTree = "<group>";
		};
/* End PBXGroup section */

/* Begin PBXNativeTarget section */
		D40D1EA6176B086E00379DD5 /* Newproject */ = {
			isa = PBXNativeTarget;
			buildConfigurationList = D40D1ECA176B086F00379DD5 /* Build configuration list for PBXNativeTarget "Newproject" */;
			buildPhases = (
				D40D1EA3176B086E00379DD5 /* Sources */,
				D40D1EA4176B086E00379DD5 /* Frameworks */,
				D40D1EA5176B086E00379DD5 /* Resources */,
			);
			buildRules = (
			);
			dependencies = (
			);
			name = Newproject;
			productName = Newproject;
			productReference = D40D1EA7176B086F00379DD5 /* Newproject.app */;
			productType = "com.apple.product-type.application";
		};
/* End PBXNativeTarget section */

/* Begin PBXProject section */
		D40D1E9F176B086E00379DD5 /* Project object */ = {
			isa = PBXProject;
			attributes = {
				LastUpgradeCheck = 0460;
				ORGANIZATIONNAME = GMSIndia1;
			};
			buildConfigurationList = D40D1EA2176B086E00379DD5 /* Build configuration list for PBXProject "Newproject" */;
			compatibilityVersion = "Xcode 3.2";
			developmentRegion = English;
			hasScannedForEncodings = 0;
			knownRegions = (
				en,
			);
			mainGroup = D40D1E9E176B086E00379DD5;
			productRefGroup = D40D1EA8176B086F00379DD5 /* Products */;
			projectDirPath = "";
			projectRoot = "";
			targets = (
				D40D1EA6176B086E00379DD5 /* Newproject */,
			);
		};
/* End PBXProject section */

/* Begin PBXResourcesBuildPhase section */
		D40D1EA5176B086E00379DD5 /* Resources */ = {
			isa = PBXResourcesBuildPhase;
			buildActionMask = 2147483647;
			files = (
				D40D1EB5176B086F00379DD5 /* InfoPlist.strings in Resources */,
				D40D1EBD176B086F00379DD5 /* Default.png in Resources */,
				D40D1EBF176B086F00379DD5 /* Default@2x.png in Resources */,
				D40D1EC1176B086F00379DD5 /* Default-568h@2x.png in Resources */,
				D40D1EC7176B086F00379DD5 /* ViewController.xib in Resources */,
				D40D1ED1176B0A0800379DD5 /* HomeViewController.xib in Resources */,
				D40D1ED6176B0D4F00379DD5 /* CustomerViewController.xib in Resources */,
				D40D1EDB176B27E300379DD5 /* LeadsViewController.xib in Resources */,
				D4CA2FD9176EC33E007EEF7D /* Customercell.xib in Resources */,
				6481615A176EE7CF0017F4CC /* CustomLeadCell.xib in Resources */,
				D4A2AFF5176EEC4F00F4E196 /* ActivityViewController.xib in Resources */,
				D4A2AFFA176EEC7200F4E196 /* FollowupViewController.xib in Resources */,
				6481615C176EF0C50017F4CC /* rightarowblack.png in Resources */,
				D4A2AFFD176F186200F4E196 /* FollowupCell.xib in Resources */,
				648D12FE17716C7F006BB41A /* rectangle3.png in Resources */,
				D443A33217716EEB0011C5DB /* ActivityCustomCell.xib in Resources */,
				D443A33317716FE60011C5DB /* appbar.close.png in Resources */,
				D4149F28177186C100738AAC /* squareimage1.png in Resources */,
				648D13081771A093006BB41A /* CompanyViewController.xib in Resources */,
				649AE8791772DB8D00CAECE7 /* appbar.edit.png in Resources */,
				D4E15794177416D9002764AB /* icon-disclosure.png in Resources */,
				D4E1579917744013002764AB /* CommentsViewController.xib in Resources */,
				6407291817744A900085CB7B /* newCommentCell.xib in Resources */,
				648DE20B1777F7B400261F74 /* ContactInfoViewController.xib in Resources */,
				64AA0B8A177810FC005DD2B2 /* SalesRepInfoViewController.xib in Resources */,
				D4D39CD6177AD7C300C1E87D /* CommentsCells.xib in Resources */,
				6498468B177AE56100C67E8A /* customcommentforactivitycell.xib in Resources */,
			);
			runOnlyForDeploymentPostprocessing = 0;
		};
/* End PBXResourcesBuildPhase section */

/* Begin PBXSourcesBuildPhase section */
		D40D1EA3176B086E00379DD5 /* Sources */ = {
			isa = PBXSourcesBuildPhase;
			buildActionMask = 2147483647;
			files = (
				D40720881772F38A0070629A /* SalesRepInfoViewController.m in Sources */,
				D40720871772F37D0070629A /* ContactInfoViewController.m in Sources */,
				D40D1EB7176B086F00379DD5 /* main.m in Sources */,
				D40D1EBB176B086F00379DD5 /* AppDelegate.m in Sources */,
				D40D1EC4176B086F00379DD5 /* ViewController.m in Sources */,
				D40D1ED0176B0A0800379DD5 /* HomeViewController.m in Sources */,
				D40D1ED5176B0D4F00379DD5 /* CustomerViewController.m in Sources */,
				D40D1EDA176B27E300379DD5 /* LeadsViewController.m in Sources */,
				D4A2AFF4176EEC4F00F4E196 /* ActivityViewController.m in Sources */,
				D4A2AFF9176EEC7200F4E196 /* FollowupViewController.m in Sources */,
				D443A33417717F890011C5DB /* CKCalendarView.m in Sources */,
				648D13071771A093006BB41A /* CompanyViewController.m in Sources */,
				D4D570141772B58200671A35 /* Infoleads.m in Sources */,
				D4E1579817744013002764AB /* CommentsViewController.m in Sources */,
				642B77AF17799D1000EECCC0 /* activityInfo.m in Sources */,
				D4041F161779ACB500247373 /* followupmodel.m in Sources */,
				D4D39CD4177ACE4B00C1E87D /* commentmdl.m in Sources */,
			);
			runOnlyForDeploymentPostprocessing = 0;
		};
/* End PBXSourcesBuildPhase section */

/* Begin PBXVariantGroup section */
		D40D1EB3176B086F00379DD5 /* InfoPlist.strings */ = {
			isa = PBXVariantGroup;
			children = (
				D40D1EB4176B086F00379DD5 /* en */,
			);
			name = InfoPlist.strings;
			sourceTree = "<group>";
		};
		D40D1EC5176B086F00379DD5 /* ViewController.xib */ = {
			isa = PBXVariantGroup;
			children = (
				D40D1EC6176B086F00379DD5 /* en */,
			);
			name = ViewController.xib;
			sourceTree = "<group>";
		};
/* End PBXVariantGroup section */

/* Begin XCBuildConfiguration section */
		D40D1EC8176B086F00379DD5 /* Debug */ = {
			isa = XCBuildConfiguration;
			buildSettings = {
				ALWAYS_SEARCH_USER_PATHS = NO;
				CLANG_CXX_LANGUAGE_STANDARD = "gnu++0x";
				CLANG_CXX_LIBRARY = "libc++";
				CLANG_ENABLE_OBJC_ARC = YES;
				CLANG_WARN_CONSTANT_CONVERSION = YES;
				CLANG_WARN_EMPTY_BODY = YES;
				CLANG_WARN_ENUM_CONVERSION = YES;
				CLANG_WARN_INT_CONVERSION = YES;
				CLANG_WARN__DUPLICATE_METHOD_MATCH = YES;
				"CODE_SIGN_IDENTITY[sdk=iphoneos*]" = "iPhone Developer";
				COPY_PHASE_STRIP = NO;
				GCC_C_LANGUAGE_STANDARD = gnu99;
				GCC_DYNAMIC_NO_PIC = NO;
				GCC_OPTIMIZATION_LEVEL = 0;
				GCC_PREPROCESSOR_DEFINITIONS = (
					"DEBUG=1",
					"$(inherited)",
				);
				GCC_SYMBOLS_PRIVATE_EXTERN = NO;
				GCC_WARN_ABOUT_RETURN_TYPE = YES;
				GCC_WARN_UNINITIALIZED_AUTOS = YES;
				GCC_WARN_UNUSED_VARIABLE = YES;
				IPHONEOS_DEPLOYMENT_TARGET = 6.1;
				ONLY_ACTIVE_ARCH = YES;
				SDKROOT = iphoneos;
				TARGETED_DEVICE_FAMILY = 2;
			};
			name = Debug;
		};
		D40D1EC9176B086F00379DD5 /* Release */ = {
			isa = XCBuildConfiguration;
			buildSettings = {
				ALWAYS_SEARCH_USER_PATHS = NO;
				CLANG_CXX_LANGUAGE_STANDARD = "gnu++0x";
				CLANG_CXX_LIBRARY = "libc++";
				CLANG_ENABLE_OBJC_ARC = YES;
				CLANG_WARN_CONSTANT_CONVERSION = YES;
				CLANG_WARN_EMPTY_BODY = YES;
				CLANG_WARN_ENUM_CONVERSION = YES;
				CLANG_WARN_INT_CONVERSION = YES;
				CLANG_WARN__DUPLICATE_METHOD_MATCH = YES;
				"CODE_SIGN_IDENTITY[sdk=iphoneos*]" = "iPhone Developer";
				COPY_PHASE_STRIP = YES;
				GCC_C_LANGUAGE_STANDARD = gnu99;
				GCC_WARN_ABOUT_RETURN_TYPE = YES;
				GCC_WARN_UNINITIALIZED_AUTOS = YES;
				GCC_WARN_UNUSED_VARIABLE = YES;
				IPHONEOS_DEPLOYMENT_TARGET = 6.1;
				OTHER_CFLAGS = "-DNS_BLOCK_ASSERTIONS=1";
				SDKROOT = iphoneos;
				TARGETED_DEVICE_FAMILY = 2;
				VALIDATE_PRODUCT = YES;
			};
			name = Release;
		};
		D40D1ECB176B086F00379DD5 /* Debug */ = {
			isa = XCBuildConfiguration;
			buildSettings = {
				GCC_PRECOMPILE_PREFIX_HEADER = YES;
				GCC_PREFIX_HEADER = "Newproject/Newproject-Prefix.pch";
				INFOPLIST_FILE = "Newproject/Newproject-Info.plist";
				PRODUCT_NAME = "$(TARGET_NAME)";
				WRAPPER_EXTENSION = app;
			};
			name = Debug;
		};
		D40D1ECC176B086F00379DD5 /* Release */ = {
			isa = XCBuildConfiguration;
			buildSettings = {
				GCC_PRECOMPILE_PREFIX_HEADER = YES;
				GCC_PREFIX_HEADER = "Newproject/Newproject-Prefix.pch";
				INFOPLIST_FILE = "Newproject/Newproject-Info.plist";
				PRODUCT_NAME = "$(TARGET_NAME)";
				WRAPPER_EXTENSION = app;
			};
			name = Release;
		};
/* End XCBuildConfiguration section */

/* Begin XCConfigurationList section */
		D40D1EA2176B086E00379DD5 /* Build configuration list for PBXProject "Newproject" */ = {
			isa = XCConfigurationList;
			buildConfigurations = (
				D40D1EC8176B086F00379DD5 /* Debug */,
				D40D1EC9176B086F00379DD5 /* Release */,
			);
			defaultConfigurationIsVisible = 0;
			defaultConfigurationName = Release;
		};
		D40D1ECA176B086F00379DD5 /* Build configuration list for PBXNativeTarget "Newproject" */ = {
			isa = XCConfigurationList;
			buildConfigurations = (
				D40D1ECB176B086F00379DD5 /* Debug */,
				D40D1ECC176B086F00379DD5 /* Release */,
			);
			defaultConfigurationIsVisible = 0;
			defaultConfigurationName = Release;
		};
/* End XCConfigurationList section */
	};
	rootObject = D40D1E9F176B086E00379DD5 /* Project object */;
}
